
Microsoft Visual Studio Solution File, Format Version 12.00
# Visual Studio Version 17
VisualStudioVersion = 17.4.33213.308
MinimumVisualStudioVersion = 10.0.40219.1
Project("{FAE04EC0-301F-11D3-BF4B-00C04F79EFBC}") = "D01_Algoritmia", "D01_Algoritmia\D01_Algoritmia.csproj", "{4137E7CF-AE5A-4432-AA6D-7137918611C1}"
EndProject
Global
	GlobalSection(SolutionConfigurationPlatforms) = preSolution
		Debug|Any CPU = Debug|Any CPU
		Release|Any CPU = Release|Any CPU
	EndGlobalSection
	GlobalSection(ProjectConfigurationPlatforms) = postSolution
		{4137E7CF-AE5A-4432-AA6D-7137918611C1}.Debug|Any CPU.ActiveCfg = Debug|Any CPU
		{4137E7CF-AE5A-4432-AA6D-7137918611C1}.Debug|Any CPU.Build.0 = Debug|Any CPU
		{4137E7CF-AE5A-4432-AA6D-7137918611C1}.Release|Any CPU.ActiveCfg = Release|Any CPU
		{4137E7CF-AE5A-4432-AA6D-7137918611C1}.Release|Any CPU.Build.0 = Release|Any CPU
	EndGlobalSection
	GlobalSection(SolutionProperties) = preSolution
		HideSolutionNode = FALSE
	EndGlobalSection
	GlobalSection(ExtensibilityGlobals) = postSolution
		SolutionGuid = {E37B889E-0CE9-4A82-8622-AF8F30DFDB95}
	EndGlobalSection
EndGlobal
