
Microsoft Visual Studio Solution File, Format Version 12.00
# Visual Studio Version 17
VisualStudioVersion = 17.4.33213.308
MinimumVisualStudioVersion = 10.0.40219.1
Project("{FAE04EC0-301F-11D3-BF4B-00C04F79EFBC}") = "D01_Algoritmia", "D01_Algoritmia\D01_Algoritmia.csproj", "{4137E7CF-AE5A-4432-AA6D-7137918611C1}"
EndProject
Project("{FAE04EC0-301F-11D3-BF4B-00C04F79EFBC}") = "D02_DataTypes", "D02_DataTypes\D02_DataTypes.csproj", "{42E6E5DE-5DED-4C36-8240-B2BE31AC1937}"
EndProject
Project("{FAE04EC0-301F-11D3-BF4B-00C04F79EFBC}") = "D03_Classes", "D03_Classes\D03_Classes.csproj", "{47CA8469-75BD-4630-B3C7-715BC704E713}"
EndProject
Project("{FAE04EC0-301F-11D3-BF4B-00C04F79EFBC}") = "D04_DataConversion", "D04_DataConversion\D04_DataConversion.csproj", "{42ED07D7-425E-41B9-9D42-8A5636940B45}"
EndProject
Project("{FAE04EC0-301F-11D3-BF4B-00C04F79EFBC}") = "D00_Utility", "D00_Utility\D00_Utility.csproj", "{4B007FA1-1A3B-4AF5-9AB2-3B43E8B581C3}"
EndProject
Project("{FAE04EC0-301F-11D3-BF4B-00C04F79EFBC}") = "D05_DataTypesManipulation", "D05_DataTypesManipulation\D05_DataTypesManipulation.csproj", "{27D5566C-FE91-4D94-81FF-3B6DFCE56846}"
EndProject
Project("{FAE04EC0-301F-11D3-BF4B-00C04F79EFBC}") = "D06_ConditionalStructures", "D06_ConditionalStructures\D06_ConditionalStructures.csproj", "{501D8065-6FEB-43DC-9199-ADC30C73DBCD}"
EndProject
Project("{FAE04EC0-301F-11D3-BF4B-00C04F79EFBC}") = "D07_LoopStructures", "D07_LoopStructures\D07_LoopStructures.csproj", "{205B8D75-C506-46F0-BB35-B2246F6C11CD}"
EndProject
Project("{FAE04EC0-301F-11D3-BF4B-00C04F79EFBC}") = "D08_DataStructures", "D08_DataStructures\D08_DataStructures.csproj", "{C0EE22DC-1018-498D-AACF-2A731F7CC7C8}"
EndProject
Project("{FAE04EC0-301F-11D3-BF4B-00C04F79EFBC}") = "D09_Methods", "D09_Methods\D09_Methods.csproj", "{91D916D0-C6C7-4E84-9134-D4EBF7BE7AAC}"
EndProject
Project("{FAE04EC0-301F-11D3-BF4B-00C04F79EFBC}") = "E01_Calculator_V1", "E01_Calculator_V1\E01_Calculator_V1.csproj", "{002F0810-782D-4E7C-A5E7-372E7A9DED49}"
EndProject
Project("{FAE04EC0-301F-11D3-BF4B-00C04F79EFBC}") = "D10_TryCatch", "D10_TryCatch\D10_TryCatch.csproj", "{2A62EF39-4F39-478D-8E2F-DCC66A3055F0}"
EndProject
Project("{FAE04EC0-301F-11D3-BF4B-00C04F79EFBC}") = "D11_Interfaces", "D11_Interfaces\D11_Interfaces.csproj", "{309CC317-67E5-4639-9A91-E16B5B35F647}"
EndProject
Project("{FAE04EC0-301F-11D3-BF4B-00C04F79EFBC}") = "E02_CalculatorInterface", "E01_CalculatorInterface\E02_CalculatorInterface.csproj", "{7D8E06DD-3899-4AF5-A6BB-27652398F383}"
EndProject
Project("{FAE04EC0-301F-11D3-BF4B-00C04F79EFBC}") = "D12_AccessModifiers", "D12_AccessModifiers\D12_AccessModifiers.csproj", "{E8B8F1B5-0634-4E34-AAA6-7984A093694B}"
EndProject
Global
	GlobalSection(SolutionConfigurationPlatforms) = preSolution
		Debug|Any CPU = Debug|Any CPU
		Release|Any CPU = Release|Any CPU
	EndGlobalSection
	GlobalSection(ProjectConfigurationPlatforms) = postSolution
		{4137E7CF-AE5A-4432-AA6D-7137918611C1}.Debug|Any CPU.ActiveCfg = Debug|Any CPU
		{4137E7CF-AE5A-4432-AA6D-7137918611C1}.Debug|Any CPU.Build.0 = Debug|Any CPU
		{4137E7CF-AE5A-4432-AA6D-7137918611C1}.Release|Any CPU.ActiveCfg = Release|Any CPU
		{4137E7CF-AE5A-4432-AA6D-7137918611C1}.Release|Any CPU.Build.0 = Release|Any CPU
		{42E6E5DE-5DED-4C36-8240-B2BE31AC1937}.Debug|Any CPU.ActiveCfg = Debug|Any CPU
		{42E6E5DE-5DED-4C36-8240-B2BE31AC1937}.Debug|Any CPU.Build.0 = Debug|Any CPU
		{42E6E5DE-5DED-4C36-8240-B2BE31AC1937}.Release|Any CPU.ActiveCfg = Release|Any CPU
		{42E6E5DE-5DED-4C36-8240-B2BE31AC1937}.Release|Any CPU.Build.0 = Release|Any CPU
		{47CA8469-75BD-4630-B3C7-715BC704E713}.Debug|Any CPU.ActiveCfg = Debug|Any CPU
		{47CA8469-75BD-4630-B3C7-715BC704E713}.Debug|Any CPU.Build.0 = Debug|Any CPU
		{47CA8469-75BD-4630-B3C7-715BC704E713}.Release|Any CPU.ActiveCfg = Release|Any CPU
		{47CA8469-75BD-4630-B3C7-715BC704E713}.Release|Any CPU.Build.0 = Release|Any CPU
		{42ED07D7-425E-41B9-9D42-8A5636940B45}.Debug|Any CPU.ActiveCfg = Debug|Any CPU
		{42ED07D7-425E-41B9-9D42-8A5636940B45}.Debug|Any CPU.Build.0 = Debug|Any CPU
		{42ED07D7-425E-41B9-9D42-8A5636940B45}.Release|Any CPU.ActiveCfg = Release|Any CPU
		{42ED07D7-425E-41B9-9D42-8A5636940B45}.Release|Any CPU.Build.0 = Release|Any CPU
		{4B007FA1-1A3B-4AF5-9AB2-3B43E8B581C3}.Debug|Any CPU.ActiveCfg = Debug|Any CPU
		{4B007FA1-1A3B-4AF5-9AB2-3B43E8B581C3}.Debug|Any CPU.Build.0 = Debug|Any CPU
		{4B007FA1-1A3B-4AF5-9AB2-3B43E8B581C3}.Release|Any CPU.ActiveCfg = Release|Any CPU
		{4B007FA1-1A3B-4AF5-9AB2-3B43E8B581C3}.Release|Any CPU.Build.0 = Release|Any CPU
		{27D5566C-FE91-4D94-81FF-3B6DFCE56846}.Debug|Any CPU.ActiveCfg = Debug|Any CPU
		{27D5566C-FE91-4D94-81FF-3B6DFCE56846}.Debug|Any CPU.Build.0 = Debug|Any CPU
		{27D5566C-FE91-4D94-81FF-3B6DFCE56846}.Release|Any CPU.ActiveCfg = Release|Any CPU
		{27D5566C-FE91-4D94-81FF-3B6DFCE56846}.Release|Any CPU.Build.0 = Release|Any CPU
		{501D8065-6FEB-43DC-9199-ADC30C73DBCD}.Debug|Any CPU.ActiveCfg = Debug|Any CPU
		{501D8065-6FEB-43DC-9199-ADC30C73DBCD}.Debug|Any CPU.Build.0 = Debug|Any CPU
		{501D8065-6FEB-43DC-9199-ADC30C73DBCD}.Release|Any CPU.ActiveCfg = Release|Any CPU
		{501D8065-6FEB-43DC-9199-ADC30C73DBCD}.Release|Any CPU.Build.0 = Release|Any CPU
		{205B8D75-C506-46F0-BB35-B2246F6C11CD}.Debug|Any CPU.ActiveCfg = Debug|Any CPU
		{205B8D75-C506-46F0-BB35-B2246F6C11CD}.Debug|Any CPU.Build.0 = Debug|Any CPU
		{205B8D75-C506-46F0-BB35-B2246F6C11CD}.Release|Any CPU.ActiveCfg = Release|Any CPU
		{205B8D75-C506-46F0-BB35-B2246F6C11CD}.Release|Any CPU.Build.0 = Release|Any CPU
		{C0EE22DC-1018-498D-AACF-2A731F7CC7C8}.Debug|Any CPU.ActiveCfg = Debug|Any CPU
		{C0EE22DC-1018-498D-AACF-2A731F7CC7C8}.Debug|Any CPU.Build.0 = Debug|Any CPU
		{C0EE22DC-1018-498D-AACF-2A731F7CC7C8}.Release|Any CPU.ActiveCfg = Release|Any CPU
		{C0EE22DC-1018-498D-AACF-2A731F7CC7C8}.Release|Any CPU.Build.0 = Release|Any CPU
		{91D916D0-C6C7-4E84-9134-D4EBF7BE7AAC}.Debug|Any CPU.ActiveCfg = Debug|Any CPU
		{91D916D0-C6C7-4E84-9134-D4EBF7BE7AAC}.Debug|Any CPU.Build.0 = Debug|Any CPU
		{91D916D0-C6C7-4E84-9134-D4EBF7BE7AAC}.Release|Any CPU.ActiveCfg = Release|Any CPU
		{91D916D0-C6C7-4E84-9134-D4EBF7BE7AAC}.Release|Any CPU.Build.0 = Release|Any CPU
		{002F0810-782D-4E7C-A5E7-372E7A9DED49}.Debug|Any CPU.ActiveCfg = Debug|Any CPU
		{002F0810-782D-4E7C-A5E7-372E7A9DED49}.Debug|Any CPU.Build.0 = Debug|Any CPU
		{002F0810-782D-4E7C-A5E7-372E7A9DED49}.Release|Any CPU.ActiveCfg = Release|Any CPU
		{002F0810-782D-4E7C-A5E7-372E7A9DED49}.Release|Any CPU.Build.0 = Release|Any CPU
		{2A62EF39-4F39-478D-8E2F-DCC66A3055F0}.Debug|Any CPU.ActiveCfg = Debug|Any CPU
		{2A62EF39-4F39-478D-8E2F-DCC66A3055F0}.Debug|Any CPU.Build.0 = Debug|Any CPU
		{2A62EF39-4F39-478D-8E2F-DCC66A3055F0}.Release|Any CPU.ActiveCfg = Release|Any CPU
		{2A62EF39-4F39-478D-8E2F-DCC66A3055F0}.Release|Any CPU.Build.0 = Release|Any CPU
		{309CC317-67E5-4639-9A91-E16B5B35F647}.Debug|Any CPU.ActiveCfg = Debug|Any CPU
		{309CC317-67E5-4639-9A91-E16B5B35F647}.Debug|Any CPU.Build.0 = Debug|Any CPU
		{309CC317-67E5-4639-9A91-E16B5B35F647}.Release|Any CPU.ActiveCfg = Release|Any CPU
		{309CC317-67E5-4639-9A91-E16B5B35F647}.Release|Any CPU.Build.0 = Release|Any CPU
		{7D8E06DD-3899-4AF5-A6BB-27652398F383}.Debug|Any CPU.ActiveCfg = Debug|Any CPU
		{7D8E06DD-3899-4AF5-A6BB-27652398F383}.Debug|Any CPU.Build.0 = Debug|Any CPU
		{7D8E06DD-3899-4AF5-A6BB-27652398F383}.Release|Any CPU.ActiveCfg = Release|Any CPU
		{7D8E06DD-3899-4AF5-A6BB-27652398F383}.Release|Any CPU.Build.0 = Release|Any CPU
		{E8B8F1B5-0634-4E34-AAA6-7984A093694B}.Debug|Any CPU.ActiveCfg = Debug|Any CPU
		{E8B8F1B5-0634-4E34-AAA6-7984A093694B}.Debug|Any CPU.Build.0 = Debug|Any CPU
		{E8B8F1B5-0634-4E34-AAA6-7984A093694B}.Release|Any CPU.ActiveCfg = Release|Any CPU
		{E8B8F1B5-0634-4E34-AAA6-7984A093694B}.Release|Any CPU.Build.0 = Release|Any CPU
	EndGlobalSection
	GlobalSection(SolutionProperties) = preSolution
		HideSolutionNode = FALSE
	EndGlobalSection
	GlobalSection(ExtensibilityGlobals) = postSolution
		SolutionGuid = {E37B889E-0CE9-4A82-8622-AF8F30DFDB95}
	EndGlobalSection
EndGlobal
